
Microsoft Visual Studio Solution File, Format Version 12.00
# Visual Studio Version 17
VisualStudioVersion = 17.14.36908.2 d17.14
MinimumVisualStudioVersion = 10.0.40219.1
Project("{888888A0-9F3D-457C-B088-3A5042F75D52}") = "telemetry2", "telemetry2.pyproj", "{BE3DD785-FFCB-48FC-99D3-DBBA5FF2E794}"
EndProject
Global
	GlobalSection(SolutionConfigurationPlatforms) = preSolution
		Debug|Any CPU = Debug|Any CPU
		Release|Any CPU = Release|Any CPU
	EndGlobalSection
	GlobalSection(ProjectConfigurationPlatforms) = postSolution
		{BE3DD785-FFCB-48FC-99D3-DBBA5FF2E794}.Debug|Any CPU.ActiveCfg = Debug|Any CPU
		{BE3DD785-FFCB-48FC-99D3-DBBA5FF2E794}.Release|Any CPU.ActiveCfg = Release|Any CPU
	EndGlobalSection
	GlobalSection(SolutionProperties) = preSolution
		HideSolutionNode = FALSE
	EndGlobalSection
	GlobalSection(ExtensibilityGlobals) = postSolution
		SolutionGuid = {CCFF7221-D089-4CD2-A68B-D26B8872A51C}
	EndGlobalSection
EndGlobal
